
Microsoft Visual Studio Solution File, Format Version 12.00
# Visual Studio Version 17
VisualStudioVersion = 17.5.002.0
MinimumVisualStudioVersion = 10.0.40219.1
Project("{2150E333-8FDC-42A3-9474-1A3956D46DE8}") = "sandbox", "sandbox", "{FDEF2500-A2B8-494F-AB9E-C41D72A9EEA2}"
EndProject
Project("{9A19103F-16F7-4668-BE54-9A1E7A4F7556}") = "sandbox_project", "sandbox\sandbox_project\sandbox_project.csproj", "{2F75AE6C-FAAD-4C7A-8D0D-5CC81B5A38EA}"
EndProject
Project("{2150E333-8FDC-42A3-9474-1A3956D46DE8}") = "week01", "week01", "{3DCD327A-7F70-4A6B-AACC-53C318C08EC5}"
EndProject
Project("{9A19103F-16F7-4668-BE54-9A1E7A4F7556}") = "analyze", "week01\analyze\analyze.csproj", "{B22CFD83-58E1-44CE-8DB1-AC60EB6CC2D2}"
EndProject
Project("{9A19103F-16F7-4668-BE54-9A1E7A4F7556}") = "code", "week01\code\code.csproj", "{A91B9824-EDBC-45EB-9D5F-D43EB37B3CC7}"
EndProject
Project("{9A19103F-16F7-4668-BE54-9A1E7A4F7556}") = "teach", "week01\teach\teach.csproj", "{BEC4D823-2CF0-4A02-A699-B08D058FE4A0}"
EndProject
Project("{2150E333-8FDC-42A3-9474-1A3956D46DE8}") = "week02", "week02", "{F3A8ED7D-E864-41B3-81BD-3317EFEA8056}"
EndProject
Project("{9A19103F-16F7-4668-BE54-9A1E7A4F7556}") = "analyze", "week02\analyze\analyze.csproj", "{84924141-10F5-4920-92BE-96B30666A162}"
EndProject
Project("{9A19103F-16F7-4668-BE54-9A1E7A4F7556}") = "code", "week02\code\code.csproj", "{45879051-AC36-4F52-A4F8-4080F138C6C9}"
EndProject
Project("{9A19103F-16F7-4668-BE54-9A1E7A4F7556}") = "learn", "week02\learn\learn.csproj", "{31400FB5-254B-42E8-AA44-FDEF0E501382}"
EndProject
Project("{9A19103F-16F7-4668-BE54-9A1E7A4F7556}") = "teach", "week02\teach\teach.csproj", "{BFD0FBA2-910B-4424-A649-64972BB05115}"
EndProject
Project("{2150E333-8FDC-42A3-9474-1A3956D46DE8}") = "week03", "week03", "{CCE68967-DEA3-4D23-90A6-9A62EF7B97BB}"
EndProject
Project("{9A19103F-16F7-4668-BE54-9A1E7A4F7556}") = "code", "week03\code\code.csproj", "{ECD049C9-65C3-43EA-8D70-866B0730C16C}"
EndProject
Project("{9A19103F-16F7-4668-BE54-9A1E7A4F7556}") = "learn", "week03\learn\learn.csproj", "{6772B47E-7E9C-4733-A320-0999AAD25FDE}"
EndProject
Project("{9A19103F-16F7-4668-BE54-9A1E7A4F7556}") = "teach", "week03\teach\teach.csproj", "{D7007A1C-D561-4FA7-A49F-2B4057E6DFB0}"
EndProject
Project("{2150E333-8FDC-42A3-9474-1A3956D46DE8}") = "week04", "week04", "{2169F6A0-7D16-4804-96A6-8AB50E830769}"
EndProject
Project("{9A19103F-16F7-4668-BE54-9A1E7A4F7556}") = "code", "week04\code\code.csproj", "{4C5E68E8-DD04-4880-99FA-23B100986A81}"
EndProject
Project("{2150E333-8FDC-42A3-9474-1A3956D46DE8}") = "week05", "week05", "{637EB417-8D6F-40D0-B58A-15E413390B2C}"
EndProject
Project("{9A19103F-16F7-4668-BE54-9A1E7A4F7556}") = "code", "week05\code\code.csproj", "{498CDE44-157A-4C77-8BA0-AB7E276CFBE3}"
EndProject
Project("{2150E333-8FDC-42A3-9474-1A3956D46DE8}") = "week06", "week06", "{7682FC31-347C-4F5A-87B5-2829B6908B68}"
EndProject
Project("{9A19103F-16F7-4668-BE54-9A1E7A4F7556}") = "code", "week06\code\code.csproj", "{EDB6BC1D-5F82-4AA4-A2D6-B24564CD9A1D}"
EndProject
Global
	GlobalSection(SolutionConfigurationPlatforms) = preSolution
		Debug|Any CPU = Debug|Any CPU
		Release|Any CPU = Release|Any CPU
	EndGlobalSection
	GlobalSection(ProjectConfigurationPlatforms) = postSolution
		{2F75AE6C-FAAD-4C7A-8D0D-5CC81B5A38EA}.Debug|Any CPU.ActiveCfg = Debug|Any CPU
		{2F75AE6C-FAAD-4C7A-8D0D-5CC81B5A38EA}.Debug|Any CPU.Build.0 = Debug|Any CPU
		{2F75AE6C-FAAD-4C7A-8D0D-5CC81B5A38EA}.Release|Any CPU.ActiveCfg = Release|Any CPU
		{2F75AE6C-FAAD-4C7A-8D0D-5CC81B5A38EA}.Release|Any CPU.Build.0 = Release|Any CPU
		{B22CFD83-58E1-44CE-8DB1-AC60EB6CC2D2}.Debug|Any CPU.ActiveCfg = Debug|Any CPU
		{B22CFD83-58E1-44CE-8DB1-AC60EB6CC2D2}.Debug|Any CPU.Build.0 = Debug|Any CPU
		{B22CFD83-58E1-44CE-8DB1-AC60EB6CC2D2}.Release|Any CPU.ActiveCfg = Release|Any CPU
		{B22CFD83-58E1-44CE-8DB1-AC60EB6CC2D2}.Release|Any CPU.Build.0 = Release|Any CPU
		{A91B9824-EDBC-45EB-9D5F-D43EB37B3CC7}.Debug|Any CPU.ActiveCfg = Debug|Any CPU
		{A91B9824-EDBC-45EB-9D5F-D43EB37B3CC7}.Debug|Any CPU.Build.0 = Debug|Any CPU
		{A91B9824-EDBC-45EB-9D5F-D43EB37B3CC7}.Release|Any CPU.ActiveCfg = Release|Any CPU
		{A91B9824-EDBC-45EB-9D5F-D43EB37B3CC7}.Release|Any CPU.Build.0 = Release|Any CPU
		{BEC4D823-2CF0-4A02-A699-B08D058FE4A0}.Debug|Any CPU.ActiveCfg = Debug|Any CPU
		{BEC4D823-2CF0-4A02-A699-B08D058FE4A0}.Debug|Any CPU.Build.0 = Debug|Any CPU
		{BEC4D823-2CF0-4A02-A699-B08D058FE4A0}.Release|Any CPU.ActiveCfg = Release|Any CPU
		{BEC4D823-2CF0-4A02-A699-B08D058FE4A0}.Release|Any CPU.Build.0 = Release|Any CPU
		{84924141-10F5-4920-92BE-96B30666A162}.Debug|Any CPU.ActiveCfg = Debug|Any CPU
		{84924141-10F5-4920-92BE-96B30666A162}.Debug|Any CPU.Build.0 = Debug|Any CPU
		{84924141-10F5-4920-92BE-96B30666A162}.Release|Any CPU.ActiveCfg = Release|Any CPU
		{84924141-10F5-4920-92BE-96B30666A162}.Release|Any CPU.Build.0 = Release|Any CPU
		{45879051-AC36-4F52-A4F8-4080F138C6C9}.Debug|Any CPU.ActiveCfg = Debug|Any CPU
		{45879051-AC36-4F52-A4F8-4080F138C6C9}.Debug|Any CPU.Build.0 = Debug|Any CPU
		{45879051-AC36-4F52-A4F8-4080F138C6C9}.Release|Any CPU.ActiveCfg = Release|Any CPU
		{45879051-AC36-4F52-A4F8-4080F138C6C9}.Release|Any CPU.Build.0 = Release|Any CPU
		{31400FB5-254B-42E8-AA44-FDEF0E501382}.Debug|Any CPU.ActiveCfg = Debug|Any CPU
		{31400FB5-254B-42E8-AA44-FDEF0E501382}.Debug|Any CPU.Build.0 = Debug|Any CPU
		{31400FB5-254B-42E8-AA44-FDEF0E501382}.Release|Any CPU.ActiveCfg = Release|Any CPU
		{31400FB5-254B-42E8-AA44-FDEF0E501382}.Release|Any CPU.Build.0 = Release|Any CPU
		{BFD0FBA2-910B-4424-A649-64972BB05115}.Debug|Any CPU.ActiveCfg = Debug|Any CPU
		{BFD0FBA2-910B-4424-A649-64972BB05115}.Debug|Any CPU.Build.0 = Debug|Any CPU
		{BFD0FBA2-910B-4424-A649-64972BB05115}.Release|Any CPU.ActiveCfg = Release|Any CPU
		{BFD0FBA2-910B-4424-A649-64972BB05115}.Release|Any CPU.Build.0 = Release|Any CPU
		{ECD049C9-65C3-43EA-8D70-866B0730C16C}.Debug|Any CPU.ActiveCfg = Debug|Any CPU
		{ECD049C9-65C3-43EA-8D70-866B0730C16C}.Debug|Any CPU.Build.0 = Debug|Any CPU
		{ECD049C9-65C3-43EA-8D70-866B0730C16C}.Release|Any CPU.ActiveCfg = Release|Any CPU
		{ECD049C9-65C3-43EA-8D70-866B0730C16C}.Release|Any CPU.Build.0 = Release|Any CPU
		{6772B47E-7E9C-4733-A320-0999AAD25FDE}.Debug|Any CPU.ActiveCfg = Debug|Any CPU
		{6772B47E-7E9C-4733-A320-0999AAD25FDE}.Debug|Any CPU.Build.0 = Debug|Any CPU
		{6772B47E-7E9C-4733-A320-0999AAD25FDE}.Release|Any CPU.ActiveCfg = Release|Any CPU
		{6772B47E-7E9C-4733-A320-0999AAD25FDE}.Release|Any CPU.Build.0 = Release|Any CPU
		{D7007A1C-D561-4FA7-A49F-2B4057E6DFB0}.Debug|Any CPU.ActiveCfg = Debug|Any CPU
		{D7007A1C-D561-4FA7-A49F-2B4057E6DFB0}.Debug|Any CPU.Build.0 = Debug|Any CPU
		{D7007A1C-D561-4FA7-A49F-2B4057E6DFB0}.Release|Any CPU.ActiveCfg = Release|Any CPU
		{D7007A1C-D561-4FA7-A49F-2B4057E6DFB0}.Release|Any CPU.Build.0 = Release|Any CPU
		{4C5E68E8-DD04-4880-99FA-23B100986A81}.Debug|Any CPU.ActiveCfg = Debug|Any CPU
		{4C5E68E8-DD04-4880-99FA-23B100986A81}.Debug|Any CPU.Build.0 = Debug|Any CPU
		{4C5E68E8-DD04-4880-99FA-23B100986A81}.Release|Any CPU.ActiveCfg = Release|Any CPU
		{4C5E68E8-DD04-4880-99FA-23B100986A81}.Release|Any CPU.Build.0 = Release|Any CPU
		{498CDE44-157A-4C77-8BA0-AB7E276CFBE3}.Debug|Any CPU.ActiveCfg = Debug|Any CPU
		{498CDE44-157A-4C77-8BA0-AB7E276CFBE3}.Debug|Any CPU.Build.0 = Debug|Any CPU
		{498CDE44-157A-4C77-8BA0-AB7E276CFBE3}.Release|Any CPU.ActiveCfg = Release|Any CPU
		{498CDE44-157A-4C77-8BA0-AB7E276CFBE3}.Release|Any CPU.Build.0 = Release|Any CPU
		{EDB6BC1D-5F82-4AA4-A2D6-B24564CD9A1D}.Debug|Any CPU.ActiveCfg = Debug|Any CPU
		{EDB6BC1D-5F82-4AA4-A2D6-B24564CD9A1D}.Debug|Any CPU.Build.0 = Debug|Any CPU
		{EDB6BC1D-5F82-4AA4-A2D6-B24564CD9A1D}.Release|Any CPU.ActiveCfg = Release|Any CPU
		{EDB6BC1D-5F82-4AA4-A2D6-B24564CD9A1D}.Release|Any CPU.Build.0 = Release|Any CPU
	EndGlobalSection
	GlobalSection(SolutionProperties) = preSolution
		HideSolutionNode = FALSE
	EndGlobalSection
	GlobalSection(NestedProjects) = preSolution
		{2F75AE6C-FAAD-4C7A-8D0D-5CC81B5A38EA} = {FDEF2500-A2B8-494F-AB9E-C41D72A9EEA2}
		{B22CFD83-58E1-44CE-8DB1-AC60EB6CC2D2} = {3DCD327A-7F70-4A6B-AACC-53C318C08EC5}
		{A91B9824-EDBC-45EB-9D5F-D43EB37B3CC7} = {3DCD327A-7F70-4A6B-AACC-53C318C08EC5}
		{BEC4D823-2CF0-4A02-A699-B08D058FE4A0} = {3DCD327A-7F70-4A6B-AACC-53C318C08EC5}
		{84924141-10F5-4920-92BE-96B30666A162} = {F3A8ED7D-E864-41B3-81BD-3317EFEA8056}
		{45879051-AC36-4F52-A4F8-4080F138C6C9} = {F3A8ED7D-E864-41B3-81BD-3317EFEA8056}
		{31400FB5-254B-42E8-AA44-FDEF0E501382} = {F3A8ED7D-E864-41B3-81BD-3317EFEA8056}
		{BFD0FBA2-910B-4424-A649-64972BB05115} = {F3A8ED7D-E864-41B3-81BD-3317EFEA8056}
		{ECD049C9-65C3-43EA-8D70-866B0730C16C} = {CCE68967-DEA3-4D23-90A6-9A62EF7B97BB}
		{6772B47E-7E9C-4733-A320-0999AAD25FDE} = {CCE68967-DEA3-4D23-90A6-9A62EF7B97BB}
		{D7007A1C-D561-4FA7-A49F-2B4057E6DFB0} = {CCE68967-DEA3-4D23-90A6-9A62EF7B97BB}
		{4C5E68E8-DD04-4880-99FA-23B100986A81} = {2169F6A0-7D16-4804-96A6-8AB50E830769}
		{498CDE44-157A-4C77-8BA0-AB7E276CFBE3} = {637EB417-8D6F-40D0-B58A-15E413390B2C}
		{EDB6BC1D-5F82-4AA4-A2D6-B24564CD9A1D} = {7682FC31-347C-4F5A-87B5-2829B6908B68}
	EndGlobalSection
	GlobalSection(ExtensibilityGlobals) = postSolution
		SolutionGuid = {C6A65F3F-C243-430C-8D70-085E24604451}
	EndGlobalSection
EndGlobal
